// !$*UTF8*$!
{
	archiveVersion = 1;
	classes = {
	};
	objectVersion = 50;
	objects = {

/* Begin PBXBuildFile section */
		7D53D10F23F2BA130060DA0D /* AppDelegate.swift in Sources */ = {isa = PBXBuildFile; fileRef = 7D53D10E23F2BA130060DA0D /* AppDelegate.swift */; };
		7D53D11123F2BA130060DA0D /* SceneDelegate.swift in Sources */ = {isa = PBXBuildFile; fileRef = 7D53D11023F2BA130060DA0D /* SceneDelegate.swift */; };
		7D53D11323F2BA130060DA0D /* ViewController.swift in Sources */ = {isa = PBXBuildFile; fileRef = 7D53D11223F2BA130060DA0D /* ViewController.swift */; };
		7D53D11623F2BA130060DA0D /* Main.storyboard in Resources */ = {isa = PBXBuildFile; fileRef = 7D53D11423F2BA130060DA0D /* Main.storyboard */; };
		7D53D11823F2BA140060DA0D /* Assets.xcassets in Resources */ = {isa = PBXBuildFile; fileRef = 7D53D11723F2BA140060DA0D /* Assets.xcassets */; };
		7D53D11B23F2BA140060DA0D /* LaunchScreen.storyboard in Resources */ = {isa = PBXBuildFile; fileRef = 7D53D11923F2BA140060DA0D /* LaunchScreen.storyboard */; };
		7D53D12323F2BD7E0060DA0D /* Capital.swift in Sources */ = {isa = PBXBuildFile; fileRef = 7D53D12223F2BD7E0060DA0D /* Capital.swift */; };
/* End PBXBuildFile section */

/* Begin PBXFileReference section */
		7D53D10B23F2BA130060DA0D /* HackingWithSwiftProject11MapKit.app */ = {isa = PBXFileReference; explicitFileType = wrapper.application; includeInIndex = 0; path = HackingWithSwiftProject11MapKit.app; sourceTree = BUILT_PRODUCTS_DIR; };
		7D53D10E23F2BA130060DA0D /* AppDelegate.swift */ = {isa = PBXFileReference; lastKnownFileType = sourcecode.swift; path = AppDelegate.swift; sourceTree = "<group>"; };
		7D53D11023F2BA130060DA0D /* SceneDelegate.swift */ = {isa = PBXFileReference; lastKnownFileType = sourcecode.swift; path = SceneDelegate.swift; sourceTree = "<group>"; };
		7D53D11223F2BA130060DA0D /* ViewController.swift */ = {isa = PBXFileReference; lastKnownFileType = sourcecode.swift; path = ViewController.swift; sourceTree = "<group>"; };
		7D53D11523F2BA130060DA0D /* Base */ = {isa = PBXFileReference; lastKnownFileType = file.storyboard; name = Base; path = Base.lproj/Main.storyboard; sourceTree = "<group>"; };
		7D53D11723F2BA140060DA0D /* Assets.xcassets */ = {isa = PBXFileReference; lastKnownFileType = folder.assetcatalog; path = Assets.xcassets; sourceTree = "<group>"; };
		7D53D11A23F2BA140060DA0D /* Base */ = {isa = PBXFileReference; lastKnownFileType = file.storyboard; name = Base; path = Base.lproj/LaunchScreen.storyboard; sourceTree = "<group>"; };
		7D53D11C23F2BA140060DA0D /* Info.plist */ = {isa = PBXFileReference; lastKnownFileType = text.plist.xml; path = Info.plist; sourceTree = "<group>"; };
		7D53D12223F2BD7E0060DA0D /* Capital.swift */ = {isa = PBXFileReference; lastKnownFileType = sourcecode.swift; path = Capital.swift; sourceTree = "<group>"; };
/* End PBXFileReference section */

/* Begin PBXFrameworksBuildPhase section */
		7D53D10823F2BA130060DA0D /* Frameworks */ = {
			isa = PBXFrameworksBuildPhase;
			buildActionMask = 2147483647;
			files = (
			);
			runOnlyForDeploymentPostprocessing = 0;
		};
/* End PBXFrameworksBuildPhase section */

/* Begin PBXGroup section */
		7D53D10223F2BA130060DA0D = {
			isa = PBXGroup;
			children = (
				7D53D10D23F2BA130060DA0D /* HackingWithSwiftProject11MapKit */,
				7D53D10C23F2BA130060DA0D /* Products */,
			);
			sourceTree = "<group>";
		};
		7D53D10C23F2BA130060DA0D /* Products */ = {
			isa = PBXGroup;
			children = (
				7D53D10B23F2BA130060DA0D /* HackingWithSwiftProject11MapKit.app */,
			);
			name = Products;
			sourceTree = "<group>";
		};
		7D53D10D23F2BA130060DA0D /* HackingWithSwiftProject11MapKit */ = {
			isa = PBXGroup;
			children = (
				7D53D10E23F2BA130060DA0D /* AppDelegate.swift */,
				7D53D11023F2BA130060DA0D /* SceneDelegate.swift */,
				7D53D11223F2BA130060DA0D /* ViewController.swift */,
				7D53D12223F2BD7E0060DA0D /* Capital.swift */,
				7D53D11423F2BA130060DA0D /* Main.storyboard */,
				7D53D11723F2BA140060DA0D /* Assets.xcassets */,
				7D53D11923F2BA140060DA0D /* LaunchScreen.storyboard */,
				7D53D11C23F2BA140060DA0D /* Info.plist */,
			);
			path = HackingWithSwiftProject11MapKit;
			sourceTree = "<group>";
		};
/* End PBXGroup section */

/* Begin PBXNativeTarget section */
		7D53D10A23F2BA130060DA0D /* HackingWithSwiftProject11MapKit */ = {
			isa = PBXNativeTarget;
			buildConfigurationList = 7D53D11F23F2BA140060DA0D /* Build configuration list for PBXNativeTarget "HackingWithSwiftProject11MapKit" */;
			buildPhases = (
				7D53D10723F2BA130060DA0D /* Sources */,
				7D53D10823F2BA130060DA0D /* Frameworks */,
				7D53D10923F2BA130060DA0D /* Resources */,
			);
			buildRules = (
			);
			dependencies = (
			);
			name = HackingWithSwiftProject11MapKit;
			productName = HackingWithSwiftProject11MapKit;
			productReference = 7D53D10B23F2BA130060DA0D /* HackingWithSwiftProject11MapKit.app */;
			productType = "com.apple.product-type.application";
		};
/* End PBXNativeTarget section */

/* Begin PBXProject section */
		7D53D10323F2BA130060DA0D /* Project object */ = {
			isa = PBXProject;
			attributes = {
				LastSwiftUpdateCheck = 1130;
				LastUpgradeCheck = 1130;
				ORGANIZATIONNAME = "Henry-chime chibuike";
				TargetAttributes = {
					7D53D10A23F2BA130060DA0D = {
						CreatedOnToolsVersion = 11.3;
					};
				};
			};
			buildConfigurationList = 7D53D10623F2BA130060DA0D /* Build configuration list for PBXProject "HackingWithSwiftProject11MapKit" */;
			compatibilityVersion = "Xcode 9.3";
			developmentRegion = en;
			hasScannedForEncodings = 0;
			knownRegions = (
				en,
				Base,
			);
			mainGroup = 7D53D10223F2BA130060DA0D;
			productRefGroup = 7D53D10C23F2BA130060DA0D /* Products */;
			projectDirPath = "";
			projectRoot = "";
			targets = (
				7D53D10A23F2BA130060DA0D /* HackingWithSwiftProject11MapKit */,
			);
		};
/* End PBXProject section */

/* Begin PBXResourcesBuildPhase section */
		7D53D10923F2BA130060DA0D /* Resources */ = {
			isa = PBXResourcesBuildPhase;
			buildActionMask = 2147483647;
			files = (
				7D53D11B23F2BA140060DA0D /* LaunchScreen.storyboard in Resources */,
				7D53D11823F2BA140060DA0D /* Assets.xcassets in Resources */,
				7D53D11623F2BA130060DA0D /* Main.storyboard in Resources */,
			);
			runOnlyForDeploymentPostprocessing = 0;
		};
/* End PBXResourcesBuildPhase section */

/* Begin PBXSourcesBuildPhase section */
		7D53D10723F2BA130060DA0D /* Sources */ = {
			isa = PBXSourcesBuildPhase;
			buildActionMask = 2147483647;
			files = (
				7D53D11323F2BA130060DA0D /* ViewController.swift in Sources */,
				7D53D10F23F2BA130060DA0D /* AppDelegate.swift in Sources */,
				7D53D12323F2BD7E0060DA0D /* Capital.swift in Sources */,
				7D53D11123F2BA130060DA0D /* SceneDelegate.swift in Sources */,
			);
			runOnlyForDeploymentPostprocessing = 0;
		};
/* End PBXSourcesBuildPhase section */

/* Begin PBXVariantGroup section */
		7D53D11423F2BA130060DA0D /* Main.storyboard */ = {
			isa = PBXVariantGroup;
			children = (
				7D53D11523F2BA130060DA0D /* Base */,
			);
			name = Main.storyboard;
			sourceTree = "<group>";
		};
		7D53D11923F2BA140060DA0D /* LaunchScreen.storyboard */ = {
			isa = PBXVariantGroup;
			children = (
				7D53D11A23F2BA140060DA0D /* Base */,
			);
			name = LaunchScreen.storyboard;
			sourceTree = "<group>";
		};
/* End PBXVariantGroup section */

/* Begin XCBuildConfiguration section */
		7D53D11D23F2BA140060DA0D /* Debug */ = {
			isa = XCBuildConfiguration;
			buildSettings = {
				ALWAYS_SEARCH_USER_PATHS = NO;
				CLANG_ANALYZER_NONNULL = YES;
				CLANG_ANALYZER_NUMBER_OBJECT_CONVERSION = YES_AGGRESSIVE;
				CLANG_CXX_LANGUAGE_STANDARD = "gnu++14";
				CLANG_CXX_LIBRARY = "libc++";
				CLANG_ENABLE_MODULES = YES;
				CLANG_ENABLE_OBJC_ARC = YES;
				CLANG_ENABLE_OBJC_WEAK = YES;
				CLANG_WARN_BLOCK_CAPTURE_AUTORELEASING = YES;
				CLANG_WARN_BOOL_CONVERSION = YES;
				CLANG_WARN_COMMA = YES;
				CLANG_WARN_CONSTANT_CONVERSION = YES;
				CLANG_WARN_DEPRECATED_OBJC_IMPLEMENTATIONS = YES;
				CLANG_WARN_DIRECT_OBJC_ISA_USAGE = YES_ERROR;
				CLANG_WARN_DOCUMENTATION_COMMENTS = YES;
				CLANG_WARN_EMPTY_BODY = YES;
				CLANG_WARN_ENUM_CONVERSION = YES;
				CLANG_WARN_INFINITE_RECURSION = YES;
				CLANG_WARN_INT_CONVERSION = YES;
				CLANG_WARN_NON_LITERAL_NULL_CONVERSION = YES;
				CLANG_WARN_OBJC_IMPLICIT_RETAIN_SELF = YES;
				CLANG_WARN_OBJC_LITERAL_CONVERSION = YES;
				CLANG_WARN_OBJC_ROOT_CLASS = YES_ERROR;
				CLANG_WARN_RANGE_LOOP_ANALYSIS = YES;
				CLANG_WARN_STRICT_PROTOTYPES = YES;
				CLANG_WARN_SUSPICIOUS_MOVE = YES;
				CLANG_WARN_UNGUARDED_AVAILABILITY = YES_AGGRESSIVE;
				CLANG_WARN_UNREACHABLE_CODE = YES;
				CLANG_WARN__DUPLICATE_METHOD_MATCH = YES;
				COPY_PHASE_STRIP = NO;
				DEBUG_INFORMATION_FORMAT = dwarf;
				ENABLE_STRICT_OBJC_MSGSEND = YES;
				ENABLE_TESTABILITY = YES;
				GCC_C_LANGUAGE_STANDARD = gnu11;
				GCC_DYNAMIC_NO_PIC = NO;
				GCC_NO_COMMON_BLOCKS = YES;
				GCC_OPTIMIZATION_LEVEL = 0;
				GCC_PREPROCESSOR_DEFINITIONS = (
					"DEBUG=1",
					"$(inherited)",
				);
				GCC_WARN_64_TO_32_BIT_CONVERSION = YES;
				GCC_WARN_ABOUT_RETURN_TYPE = YES_ERROR;
				GCC_WARN_UNDECLARED_SELECTOR = YES;
				GCC_WARN_UNINITIALIZED_AUTOS = YES_AGGRESSIVE;
				GCC_WARN_UNUSED_FUNCTION = YES;
				GCC_WARN_UNUSED_VARIABLE = YES;
				IPHONEOS_DEPLOYMENT_TARGET = 13.2;
				MTL_ENABLE_DEBUG_INFO = INCLUDE_SOURCE;
				MTL_FAST_MATH = YES;
				ONLY_ACTIVE_ARCH = YES;
				SDKROOT = iphoneos;
				SWIFT_ACTIVE_COMPILATION_CONDITIONS = DEBUG;
				SWIFT_OPTIMIZATION_LEVEL = "-Onone";
			};
			name = Debug;
		};
		7D53D11E23F2BA140060DA0D /* Release */ = {
			isa = XCBuildConfiguration;
			buildSettings = {
				ALWAYS_SEARCH_USER_PATHS = NO;
				CLANG_ANALYZER_NONNULL = YES;
				CLANG_ANALYZER_NUMBER_OBJECT_CONVERSION = YES_AGGRESSIVE;
				CLANG_CXX_LANGUAGE_STANDARD = "gnu++14";
				CLANG_CXX_LIBRARY = "libc++";
				CLANG_ENABLE_MODULES = YES;
				CLANG_ENABLE_OBJC_ARC = YES;
				CLANG_ENABLE_OBJC_WEAK = YES;
				CLANG_WARN_BLOCK_CAPTURE_AUTORELEASING = YES;
				CLANG_WARN_BOOL_CONVERSION = YES;
				CLANG_WARN_COMMA = YES;
				CLANG_WARN_CONSTANT_CONVERSION = YES;
				CLANG_WARN_DEPRECATED_OBJC_IMPLEMENTATIONS = YES;
				CLANG_WARN_DIRECT_OBJC_ISA_USAGE = YES_ERROR;
				CLANG_WARN_DOCUMENTATION_COMMENTS = YES;
				CLANG_WARN_EMPTY_BODY = YES;
				CLANG_WARN_ENUM_CONVERSION = YES;
				CLANG_WARN_INFINITE_RECURSION = YES;
				CLANG_WARN_INT_CONVERSION = YES;
				CLANG_WARN_NON_LITERAL_NULL_CONVERSION = YES;
				CLANG_WARN_OBJC_IMPLICIT_RETAIN_SELF = YES;
				CLANG_WARN_OBJC_LITERAL_CONVERSION = YES;
				CLANG_WARN_OBJC_ROOT_CLASS = YES_ERROR;
				CLANG_WARN_RANGE_LOOP_ANALYSIS = YES;
				CLANG_WARN_STRICT_PROTOTYPES = YES;
				CLANG_WARN_SUSPICIOUS_MOVE = YES;
				CLANG_WARN_UNGUARDED_AVAILABILITY = YES_AGGRESSIVE;
				CLANG_WARN_UNREACHABLE_CODE = YES;
				CLANG_WARN__DUPLICATE_METHOD_MATCH = YES;
				COPY_PHASE_STRIP = NO;
				DEBUG_INFORMATION_FORMAT = "dwarf-with-dsym";
				ENABLE_NS_ASSERTIONS = NO;
				ENABLE_STRICT_OBJC_MSGSEND = YES;
				GCC_C_LANGUAGE_STANDARD = gnu11;
				GCC_NO_COMMON_BLOCKS = YES;
				GCC_WARN_64_TO_32_BIT_CONVERSION = YES;
				GCC_WARN_ABOUT_RETURN_TYPE = YES_ERROR;
				GCC_WARN_UNDECLARED_SELECTOR = YES;
				GCC_WARN_UNINITIALIZED_AUTOS = YES_AGGRESSIVE;
				GCC_WARN_UNUSED_FUNCTION = YES;
				GCC_WARN_UNUSED_VARIABLE = YES;
				IPHONEOS_DEPLOYMENT_TARGET = 13.2;
				MTL_ENABLE_DEBUG_INFO = NO;
				MTL_FAST_MATH = YES;
				SDKROOT = iphoneos;
				SWIFT_COMPILATION_MODE = wholemodule;
				SWIFT_OPTIMIZATION_LEVEL = "-O";
				VALIDATE_PRODUCT = YES;
			};
			name = Release;
		};
		7D53D12023F2BA140060DA0D /* Debug */ = {
			isa = XCBuildConfiguration;
			buildSettings = {
				ASSETCATALOG_COMPILER_APPICON_NAME = AppIcon;
				CODE_SIGN_STYLE = Automatic;
				DEVELOPMENT_TEAM = 2MKVGVKKUL;
				INFOPLIST_FILE = HackingWithSwiftProject11MapKit/Info.plist;
				LD_RUNPATH_SEARCH_PATHS = (
					"$(inherited)",
					"@executable_path/Frameworks",
				);
				PRODUCT_BUNDLE_IDENTIFIER = com.ozztech.HackingWithSwiftProject11MapKit;
				PRODUCT_NAME = "$(TARGET_NAME)";
				SWIFT_VERSION = 5.0;
				TARGETED_DEVICE_FAMILY = "1,2";
			};
			name = Debug;
		};
		7D53D12123F2BA140060DA0D /* Release */ = {
			isa = XCBuildConfiguration;
			buildSettings = {
				ASSETCATALOG_COMPILER_APPICON_NAME = AppIcon;
				CODE_SIGN_STYLE = Automatic;
				DEVELOPMENT_TEAM = 2MKVGVKKUL;
				INFOPLIST_FILE = HackingWithSwiftProject11MapKit/Info.plist;
				LD_RUNPATH_SEARCH_PATHS = (
					"$(inherited)",
					"@executable_path/Frameworks",
				);
				PRODUCT_BUNDLE_IDENTIFIER = com.ozztech.HackingWithSwiftProject11MapKit;
				PRODUCT_NAME = "$(TARGET_NAME)";
				SWIFT_VERSION = 5.0;
				TARGETED_DEVICE_FAMILY = "1,2";
			};
			name = Release;
		};
/* End XCBuildConfiguration section */

/* Begin XCConfigurationList section */
		7D53D10623F2BA130060DA0D /* Build configuration list for PBXProject "HackingWithSwiftProject11MapKit" */ = {
			isa = XCConfigurationList;
			buildConfigurations = (
				7D53D11D23F2BA140060DA0D /* Debug */,
				7D53D11E23F2BA140060DA0D /* Release */,
			);
			defaultConfigurationIsVisible = 0;
			defaultConfigurationName = Release;
		};
		7D53D11F23F2BA140060DA0D /* Build configuration list for PBXNativeTarget "HackingWithSwiftProject11MapKit" */ = {
			isa = XCConfigurationList;
			buildConfigurations = (
				7D53D12023F2BA140060DA0D /* Debug */,
				7D53D12123F2BA140060DA0D /* Release */,
			);
			defaultConfigurationIsVisible = 0;
			defaultConfigurationName = Release;
		};
/* End XCConfigurationList section */
	};
	rootObject = 7D53D10323F2BA130060DA0D /* Project object */;
}
